
Microsoft Visual Studio Solution File, Format Version 12.00
# Visual Studio Version 16
VisualStudioVersion = 16.0.31605.320
MinimumVisualStudioVersion = 10.0.40219.1
Project("{FAE04EC0-301F-11D3-BF4B-00C04F79EFBC}") = "DataGridTemplates", "DataGridTemplates\DataGridTemplates.csproj", "{80F1B38D-B413-4188-A1C0-D2181F919AC5}"
EndProject
Global
	GlobalSection(SolutionConfigurationPlatforms) = preSolution
		Debug|Any CPU = Debug|Any CPU
		Release|Any CPU = Release|Any CPU
	EndGlobalSection
	GlobalSection(ProjectConfigurationPlatforms) = postSolution
		{80F1B38D-B413-4188-A1C0-D2181F919AC5}.Debug|Any CPU.ActiveCfg = Debug|Any CPU
		{80F1B38D-B413-4188-A1C0-D2181F919AC5}.Debug|Any CPU.Build.0 = Debug|Any CPU
		{80F1B38D-B413-4188-A1C0-D2181F919AC5}.Release|Any CPU.ActiveCfg = Release|Any CPU
		{80F1B38D-B413-4188-A1C0-D2181F919AC5}.Release|Any CPU.Build.0 = Release|Any CPU
	EndGlobalSection
	GlobalSection(SolutionProperties) = preSolution
		HideSolutionNode = FALSE
	EndGlobalSection
	GlobalSection(ExtensibilityGlobals) = postSolution
		SolutionGuid = {6DF066AE-78FF-438E-AC39-832CCB319003}
	EndGlobalSection
EndGlobal
